
Microsoft Visual Studio Solution File, Format Version 12.00
# Visual Studio Version 17
VisualStudioVersion = 17.14.36518.9 d17.14
MinimumVisualStudioVersion = 10.0.40219.1
Project("{FAE04EC0-301F-11D3-BF4B-00C04F79EFBC}") = "Sample.AspNetCoreWebApi", "Sample.AspNetCoreWebApi.csproj", "{D0822B8B-3FFA-0750-C373-A7963E4A9322}"
EndProject
Global
	GlobalSection(SolutionConfigurationPlatforms) = preSolution
		Debug|Any CPU = Debug|Any CPU
		Release|Any CPU = Release|Any CPU
	EndGlobalSection
	GlobalSection(ProjectConfigurationPlatforms) = postSolution
		{D0822B8B-3FFA-0750-C373-A7963E4A9322}.Debug|Any CPU.ActiveCfg = Debug|Any CPU
		{D0822B8B-3FFA-0750-C373-A7963E4A9322}.Debug|Any CPU.Build.0 = Debug|Any CPU
		{D0822B8B-3FFA-0750-C373-A7963E4A9322}.Release|Any CPU.ActiveCfg = Release|Any CPU
		{D0822B8B-3FFA-0750-C373-A7963E4A9322}.Release|Any CPU.Build.0 = Release|Any CPU
	EndGlobalSection
	GlobalSection(SolutionProperties) = preSolution
		HideSolutionNode = FALSE
	EndGlobalSection
	GlobalSection(ExtensibilityGlobals) = postSolution
		SolutionGuid = {0D786CC3-D5EF-4456-9D5B-AC92F4C5F7CF}
	EndGlobalSection
EndGlobal
